
Microsoft Visual Studio Solution File, Format Version 12.00
# Visual Studio Version 17
VisualStudioVersion = 17.14.36310.24
MinimumVisualStudioVersion = 10.0.40219.1
Project("{2150E333-8FDC-42A3-9474-1A3956D46DE8}") = "Services", "Services", "{02EA681E-C7D8-13C7-8484-4AC65E1B71E8}"
EndProject
Project("{2150E333-8FDC-42A3-9474-1A3956D46DE8}") = "Catalog", "Catalog", "{F1D09A6D-EAD4-40F4-B498-73BA90EC855D}"
EndProject
Project("{FAE04EC0-301F-11D3-BF4B-00C04F79EFBC}") = "Catalog.API", "Catalog.API\Catalog.API.csproj", "{FC872B71-7FE7-4302-BAF1-AF3300D403A5}"
EndProject
Project("{2150E333-8FDC-42A3-9474-1A3956D46DE8}") = "BuildingBlocks", "BuildingBlocks", "{8495DA98-1C10-475E-B7AC-6DD988EFEDA7}"
EndProject
Project("{FAE04EC0-301F-11D3-BF4B-00C04F79EFBC}") = "BuildingBlocks", "BuildingBlocks\BuildingBlocks.csproj", "{18FAF320-2330-4CEA-994B-B99D259533CC}"
EndProject
Project("{E53339B2-1760-4266-BCC7-CA923CBCF16C}") = "docker-compose", "docker-compose.dcproj", "{81DDED9D-158B-E303-5F62-77A2896D2A5A}"
EndProject
Project("{2150E333-8FDC-42A3-9474-1A3956D46DE8}") = "Basket", "Basket", "{9F313977-F656-4774-B2D6-0775A8EE03BC}"
EndProject
Project("{FAE04EC0-301F-11D3-BF4B-00C04F79EFBC}") = "Basket.API", "Basket.API\Basket.API.csproj", "{96868EB8-4620-40A9-AE35-65A1289264DB}"
EndProject
Project("{2150E333-8FDC-42A3-9474-1A3956D46DE8}") = "Discount", "Discount", "{7D331F10-8A89-4B16-A879-EB133362516D}"
EndProject
Project("{FAE04EC0-301F-11D3-BF4B-00C04F79EFBC}") = "Discount.Grpc", "src\Services\Discount\Discount.Grpc\Discount.Grpc.csproj", "{68976B11-4F2E-4CBF-8F17-E636AAC2E22A}"
EndProject
Project("{2150E333-8FDC-42A3-9474-1A3956D46DE8}") = "Ordering", "Ordering", "{F31D6D5C-F2F8-46F0-9B43-5AD279A6786D}"
EndProject
Project("{FAE04EC0-301F-11D3-BF4B-00C04F79EFBC}") = "Ordering.API", "src\Services\Ordering\Ordering.API\Ordering.API.csproj", "{A1D77336-8F54-4401-9920-8695B5F6C6B0}"
EndProject
Project("{FAE04EC0-301F-11D3-BF4B-00C04F79EFBC}") = "Ordering.Domain", "src\Services\Ordering\Ordering.Domain\Ordering.Domain.csproj", "{2E58ACAC-A643-4001-B338-FF94B8A08457}"
EndProject
Project("{FAE04EC0-301F-11D3-BF4B-00C04F79EFBC}") = "Ordering.Application", "src\Services\Ordering\Ordering.Application\Ordering.Application.csproj", "{48C3B2AA-3A98-4978-8070-9A2685882433}"
EndProject
Project("{FAE04EC0-301F-11D3-BF4B-00C04F79EFBC}") = "Ordering.Infrastructure", "src\Services\Ordering\Ordering.Infrastructure\Ordering.Infrastructure.csproj", "{037C792B-3815-4733-9E49-223D345C6E32}"
EndProject
Global
	GlobalSection(SolutionConfigurationPlatforms) = preSolution
		Debug|Any CPU = Debug|Any CPU
		Release|Any CPU = Release|Any CPU
	EndGlobalSection
	GlobalSection(ProjectConfigurationPlatforms) = postSolution
		{FC872B71-7FE7-4302-BAF1-AF3300D403A5}.Debug|Any CPU.ActiveCfg = Debug|Any CPU
		{FC872B71-7FE7-4302-BAF1-AF3300D403A5}.Debug|Any CPU.Build.0 = Debug|Any CPU
		{FC872B71-7FE7-4302-BAF1-AF3300D403A5}.Release|Any CPU.ActiveCfg = Release|Any CPU
		{FC872B71-7FE7-4302-BAF1-AF3300D403A5}.Release|Any CPU.Build.0 = Release|Any CPU
		{18FAF320-2330-4CEA-994B-B99D259533CC}.Debug|Any CPU.ActiveCfg = Debug|Any CPU
		{18FAF320-2330-4CEA-994B-B99D259533CC}.Debug|Any CPU.Build.0 = Debug|Any CPU
		{18FAF320-2330-4CEA-994B-B99D259533CC}.Release|Any CPU.ActiveCfg = Release|Any CPU
		{18FAF320-2330-4CEA-994B-B99D259533CC}.Release|Any CPU.Build.0 = Release|Any CPU
		{81DDED9D-158B-E303-5F62-77A2896D2A5A}.Debug|Any CPU.ActiveCfg = Debug|Any CPU
		{81DDED9D-158B-E303-5F62-77A2896D2A5A}.Debug|Any CPU.Build.0 = Debug|Any CPU
		{81DDED9D-158B-E303-5F62-77A2896D2A5A}.Release|Any CPU.ActiveCfg = Release|Any CPU
		{81DDED9D-158B-E303-5F62-77A2896D2A5A}.Release|Any CPU.Build.0 = Release|Any CPU
		{96868EB8-4620-40A9-AE35-65A1289264DB}.Debug|Any CPU.ActiveCfg = Debug|Any CPU
		{96868EB8-4620-40A9-AE35-65A1289264DB}.Debug|Any CPU.Build.0 = Debug|Any CPU
		{96868EB8-4620-40A9-AE35-65A1289264DB}.Release|Any CPU.ActiveCfg = Release|Any CPU
		{96868EB8-4620-40A9-AE35-65A1289264DB}.Release|Any CPU.Build.0 = Release|Any CPU
		{68976B11-4F2E-4CBF-8F17-E636AAC2E22A}.Debug|Any CPU.ActiveCfg = Debug|Any CPU
		{68976B11-4F2E-4CBF-8F17-E636AAC2E22A}.Debug|Any CPU.Build.0 = Debug|Any CPU
		{68976B11-4F2E-4CBF-8F17-E636AAC2E22A}.Release|Any CPU.ActiveCfg = Release|Any CPU
		{68976B11-4F2E-4CBF-8F17-E636AAC2E22A}.Release|Any CPU.Build.0 = Release|Any CPU
		{A1D77336-8F54-4401-9920-8695B5F6C6B0}.Debug|Any CPU.ActiveCfg = Debug|Any CPU
		{A1D77336-8F54-4401-9920-8695B5F6C6B0}.Debug|Any CPU.Build.0 = Debug|Any CPU
		{A1D77336-8F54-4401-9920-8695B5F6C6B0}.Release|Any CPU.ActiveCfg = Release|Any CPU
		{A1D77336-8F54-4401-9920-8695B5F6C6B0}.Release|Any CPU.Build.0 = Release|Any CPU
		{2E58ACAC-A643-4001-B338-FF94B8A08457}.Debug|Any CPU.ActiveCfg = Debug|Any CPU
		{2E58ACAC-A643-4001-B338-FF94B8A08457}.Debug|Any CPU.Build.0 = Debug|Any CPU
		{2E58ACAC-A643-4001-B338-FF94B8A08457}.Release|Any CPU.ActiveCfg = Release|Any CPU
		{2E58ACAC-A643-4001-B338-FF94B8A08457}.Release|Any CPU.Build.0 = Release|Any CPU
		{48C3B2AA-3A98-4978-8070-9A2685882433}.Debug|Any CPU.ActiveCfg = Debug|Any CPU
		{48C3B2AA-3A98-4978-8070-9A2685882433}.Debug|Any CPU.Build.0 = Debug|Any CPU
		{48C3B2AA-3A98-4978-8070-9A2685882433}.Release|Any CPU.ActiveCfg = Release|Any CPU
		{48C3B2AA-3A98-4978-8070-9A2685882433}.Release|Any CPU.Build.0 = Release|Any CPU
		{037C792B-3815-4733-9E49-223D345C6E32}.Debug|Any CPU.ActiveCfg = Debug|Any CPU
		{037C792B-3815-4733-9E49-223D345C6E32}.Debug|Any CPU.Build.0 = Debug|Any CPU
		{037C792B-3815-4733-9E49-223D345C6E32}.Release|Any CPU.ActiveCfg = Release|Any CPU
		{037C792B-3815-4733-9E49-223D345C6E32}.Release|Any CPU.Build.0 = Release|Any CPU
	EndGlobalSection
	GlobalSection(SolutionProperties) = preSolution
		HideSolutionNode = FALSE
	EndGlobalSection
	GlobalSection(NestedProjects) = preSolution
		{F1D09A6D-EAD4-40F4-B498-73BA90EC855D} = {02EA681E-C7D8-13C7-8484-4AC65E1B71E8}
		{FC872B71-7FE7-4302-BAF1-AF3300D403A5} = {F1D09A6D-EAD4-40F4-B498-73BA90EC855D}
		{18FAF320-2330-4CEA-994B-B99D259533CC} = {8495DA98-1C10-475E-B7AC-6DD988EFEDA7}
		{9F313977-F656-4774-B2D6-0775A8EE03BC} = {02EA681E-C7D8-13C7-8484-4AC65E1B71E8}
		{96868EB8-4620-40A9-AE35-65A1289264DB} = {9F313977-F656-4774-B2D6-0775A8EE03BC}
		{7D331F10-8A89-4B16-A879-EB133362516D} = {02EA681E-C7D8-13C7-8484-4AC65E1B71E8}
		{68976B11-4F2E-4CBF-8F17-E636AAC2E22A} = {7D331F10-8A89-4B16-A879-EB133362516D}
		{F31D6D5C-F2F8-46F0-9B43-5AD279A6786D} = {02EA681E-C7D8-13C7-8484-4AC65E1B71E8}
		{A1D77336-8F54-4401-9920-8695B5F6C6B0} = {F31D6D5C-F2F8-46F0-9B43-5AD279A6786D}
		{2E58ACAC-A643-4001-B338-FF94B8A08457} = {F31D6D5C-F2F8-46F0-9B43-5AD279A6786D}
		{48C3B2AA-3A98-4978-8070-9A2685882433} = {F31D6D5C-F2F8-46F0-9B43-5AD279A6786D}
		{037C792B-3815-4733-9E49-223D345C6E32} = {F31D6D5C-F2F8-46F0-9B43-5AD279A6786D}
	EndGlobalSection
	GlobalSection(ExtensibilityGlobals) = postSolution
		SolutionGuid = {2F634354-3E8F-40C1-BC2F-C833200C6831}
	EndGlobalSection
EndGlobal
